
Microsoft Visual Studio Solution File, Format Version 12.00
# Visual Studio Version 17
VisualStudioVersion = 17.7.34031.279
MinimumVisualStudioVersion = 10.0.40219.1
Project("{9A19103F-16F7-4668-BE54-9A1E7A4F7556}") = "Client", "Client\Client.csproj", "{33E8ADB0-CDF6-4570-812F-780CAEFFBC3C}"
EndProject
Project("{FAE04EC0-301F-11D3-BF4B-00C04F79EFBC}") = "Broker", "Broker\Broker.csproj", "{7E69F965-333E-433A-9DBB-A3F0C4A9D56F}"
EndProject
Project("{FAE04EC0-301F-11D3-BF4B-00C04F79EFBC}") = "PKIGenerator", "PKIGenerator\PKIGenerator.csproj", "{B992BE33-12D1-40EA-AC02-115EEB4EECAF}"
EndProject
Global
	GlobalSection(SolutionConfigurationPlatforms) = preSolution
		Debug|Any CPU = Debug|Any CPU
		Release|Any CPU = Release|Any CPU
	EndGlobalSection
	GlobalSection(ProjectConfigurationPlatforms) = postSolution
		{33E8ADB0-CDF6-4570-812F-780CAEFFBC3C}.Debug|Any CPU.ActiveCfg = Debug|Any CPU
		{33E8ADB0-CDF6-4570-812F-780CAEFFBC3C}.Debug|Any CPU.Build.0 = Debug|Any CPU
		{33E8ADB0-CDF6-4570-812F-780CAEFFBC3C}.Release|Any CPU.ActiveCfg = Release|Any CPU
		{33E8ADB0-CDF6-4570-812F-780CAEFFBC3C}.Release|Any CPU.Build.0 = Release|Any CPU
		{7E69F965-333E-433A-9DBB-A3F0C4A9D56F}.Debug|Any CPU.ActiveCfg = Debug|Any CPU
		{7E69F965-333E-433A-9DBB-A3F0C4A9D56F}.Debug|Any CPU.Build.0 = Debug|Any CPU
		{7E69F965-333E-433A-9DBB-A3F0C4A9D56F}.Release|Any CPU.ActiveCfg = Release|Any CPU
		{7E69F965-333E-433A-9DBB-A3F0C4A9D56F}.Release|Any CPU.Build.0 = Release|Any CPU
		{B992BE33-12D1-40EA-AC02-115EEB4EECAF}.Debug|Any CPU.ActiveCfg = Debug|Any CPU
		{B992BE33-12D1-40EA-AC02-115EEB4EECAF}.Debug|Any CPU.Build.0 = Debug|Any CPU
		{B992BE33-12D1-40EA-AC02-115EEB4EECAF}.Release|Any CPU.ActiveCfg = Release|Any CPU
		{B992BE33-12D1-40EA-AC02-115EEB4EECAF}.Release|Any CPU.Build.0 = Release|Any CPU
	EndGlobalSection
	GlobalSection(SolutionProperties) = preSolution
		HideSolutionNode = FALSE
	EndGlobalSection
	GlobalSection(ExtensibilityGlobals) = postSolution
		SolutionGuid = {6701772D-0BCA-4ABE-BE4D-B167DB5158D8}
	EndGlobalSection
EndGlobal
